
Microsoft Visual Studio Solution File, Format Version 12.00
# Visual Studio Version 16
VisualStudioVersion = 16.0.31727.386
MinimumVisualStudioVersion = 10.0.40219.1
Project("{FAE04EC0-301F-11D3-BF4B-00C04F79EFBC}") = "GC_RockPaperScissors", "GC_RockPaperScissors\GC_RockPaperScissors.csproj", "{51853234-2FAB-4518-87C0-87BE8A836ACC}"
EndProject
Global
	GlobalSection(SolutionConfigurationPlatforms) = preSolution
		Debug|Any CPU = Debug|Any CPU
		Release|Any CPU = Release|Any CPU
	EndGlobalSection
	GlobalSection(ProjectConfigurationPlatforms) = postSolution
		{51853234-2FAB-4518-87C0-87BE8A836ACC}.Debug|Any CPU.ActiveCfg = Debug|Any CPU
		{51853234-2FAB-4518-87C0-87BE8A836ACC}.Debug|Any CPU.Build.0 = Debug|Any CPU
		{51853234-2FAB-4518-87C0-87BE8A836ACC}.Release|Any CPU.ActiveCfg = Release|Any CPU
		{51853234-2FAB-4518-87C0-87BE8A836ACC}.Release|Any CPU.Build.0 = Release|Any CPU
	EndGlobalSection
	GlobalSection(SolutionProperties) = preSolution
		HideSolutionNode = FALSE
	EndGlobalSection
	GlobalSection(ExtensibilityGlobals) = postSolution
		SolutionGuid = {05F0F6CE-0760-4232-BFEA-7C0DA9D1C477}
	EndGlobalSection
EndGlobal
